// !$*UTF8*$!
{
	archiveVersion = 1;
	classes = {
	};
	objectVersion = 56;
	objects = {

/* Begin PBXBuildFile section */
		15156021306DFCAF0039C32D /* DailyWordService.swift in Sources */ = {isa = PBXBuildFile; fileRef = 15156020306DFCAF0039C32D /* DailyWordService.swift */; };
		15156023306E01690039C32D /* HSKWordList.swift in Sources */ = {isa = PBXBuildFile; fileRef = 15156022306E01690039C32D /* HSKWordList.swift */; };
		15156025306E017A0039C32D /* Phrasebook.swift in Sources */ = {isa = PBXBuildFile; fileRef = 15156024306E01790039C32D /* Phrasebook.swift */; };
		15156027306E01FB0039C32D /* PhrasebookView.swift in Sources */ = {isa = PBXBuildFile; fileRef = 15156026306E01FB0039C32D /* PhrasebookView.swift */; };
		153087833064C5CD00248D1C /* WordCategory.swift in Sources */ = {isa = PBXBuildFile; fileRef = 153087823064C5CD00248D1C /* WordCategory.swift */; };
		153087853064C5ED00248D1C /* GlossFormatter.swift in Sources */ = {isa = PBXBuildFile; fileRef = 153087843064C5ED00248D1C /* GlossFormatter.swift */; };
		153087863064F81700248D1C /* WordCategory.swift in Sources */ = {isa = PBXBuildFile; fileRef = 153087823064C5CD00248D1C /* WordCategory.swift */; };
		15708F543060EB7400864900 /* Preview Assets.xcassets in Resources */ = {isa = PBXBuildFile; fileRef = 15708F533060EB7400864900 /* Preview Assets.xcassets */; };
		15708F613060EB9200864900 /* WidgetKit.framework in Frameworks */ = {isa = PBXBuildFile; fileRef = 15708F603060EB9200864900 /* WidgetKit.framework */; };
		15708F633060EB9200864900 /* SwiftUI.framework in Frameworks */ = {isa = PBXBuildFile; fileRef = 15708F623060EB9200864900 /* SwiftUI.framework */; };
		15708F6A3060EB9500864900 /* Assets.xcassets in Resources */ = {isa = PBXBuildFile; fileRef = 15708F693060EB9500864900 /* Assets.xcassets */; };
		15708F6E3060EB9500864900 /* CiCiWidgetExtension.appex in Embed Foundation Extensions */ = {isa = PBXBuildFile; fileRef = 15708F5E3060EB9200864900 /* CiCiWidgetExtension.appex */; settings = {ATTRIBUTES = (RemoveHeadersOnCopy, ); }; };
		15708F9B3060F20900864900 /* Theme.swift in Sources */ = {isa = PBXBuildFile; fileRef = 15708F9A3060F20900864900 /* Theme.swift */; };
		15708F9C3060F20900864900 /* Theme.swift in Sources */ = {isa = PBXBuildFile; fileRef = 15708F9A3060F20900864900 /* Theme.swift */; };
		15708FA13060F22E00864900 /* SeedDictionary.swift in Sources */ = {isa = PBXBuildFile; fileRef = 15708F9D3060F22E00864900 /* SeedDictionary.swift */; };
		15708FA23060F22E00864900 /* SeedDictionary.swift in Sources */ = {isa = PBXBuildFile; fileRef = 15708F9D3060F22E00864900 /* SeedDictionary.swift */; };
		15708FA33060F22E00864900 /* ChineseWord.swift in Sources */ = {isa = PBXBuildFile; fileRef = 15708F9E3060F22E00864900 /* ChineseWord.swift */; };
		15708FA43060F22E00864900 /* ChineseWord.swift in Sources */ = {isa = PBXBuildFile; fileRef = 15708F9E3060F22E00864900 /* ChineseWord.swift */; };
		15708FA53060F22E00864900 /* WordStore.swift in Sources */ = {isa = PBXBuildFile; fileRef = 15708F9F3060F22E00864900 /* WordStore.swift */; };
		15708FA63060F22E00864900 /* WordStore.swift in Sources */ = {isa = PBXBuildFile; fileRef = 15708F9F3060F22E00864900 /* WordStore.swift */; };
		15708FA73060F22E00864900 /* PinyinFormatter.swift in Sources */ = {isa = PBXBuildFile; fileRef = 15708FA03060F22E00864900 /* PinyinFormatter.swift */; };
		15708FA83060F22E00864900 /* PinyinFormatter.swift in Sources */ = {isa = PBXBuildFile; fileRef = 15708FA03060F22E00864900 /* PinyinFormatter.swift */; };
		15708FAD3060F25A00864900 /* CiCiWidgetViews.swift in Sources */ = {isa = PBXBuildFile; fileRef = 15708FA93060F25A00864900 /* CiCiWidgetViews.swift */; };
		15708FAE3060F25A00864900 /* CiCiWidgetBundle.swift in Sources */ = {isa = PBXBuildFile; fileRef = 15708FAA3060F25A00864900 /* CiCiWidgetBundle.swift */; };
		15708FAF3060F25A00864900 /* CiCiWidgetProvider.swift in Sources */ = {isa = PBXBuildFile; fileRef = 15708FAC3060F25A00864900 /* CiCiWidgetProvider.swift */; };
		15CEAC2930610C37000BA365 /* Retroui.swift in Sources */ = {isa = PBXBuildFile; fileRef = 15CEAC2830610C37000BA365 /* Retroui.swift */; };
		15CEAC2A30610C37000BA365 /* Retroui.swift in Sources */ = {isa = PBXBuildFile; fileRef = 15CEAC2830610C37000BA365 /* Retroui.swift */; };
		15CEAC5130611B03000BA365 /* KeychainHelper.swift in Sources */ = {isa = PBXBuildFile; fileRef = 15CEAC3C30611B02000BA365 /* KeychainHelper.swift */; };
		15CEAC5230611B03000BA365 /* CEDICTParser.swift in Sources */ = {isa = PBXBuildFile; fileRef = 15CEAC3D30611B02000BA365 /* CEDICTParser.swift */; };
		15CEAC5330611B03000BA365 /* Sentencechecker .swift in Sources */ = {isa = PBXBuildFile; fileRef = 15CEAC3E30611B02000BA365 /* Sentencechecker .swift */; };
		15CEAC5430611B03000BA365 /* SentencePracticeView.swift in Sources */ = {isa = PBXBuildFile; fileRef = 15CEAC3F30611B02000BA365 /* SentencePracticeView.swift */; };
		15CEAC5530611B03000BA365 /* SettingsView.swift in Sources */ = {isa = PBXBuildFile; fileRef = 15CEAC4030611B02000BA365 /* SettingsView.swift */; };
		15CEAC5630611B03000BA365 /* DictionaryView.swift in Sources */ = {isa = PBXBuildFile; fileRef = 15CEAC4130611B02000BA365 /* DictionaryView.swift */; };
		15CEAC5730611B03000BA365 /* SpeechHelper.swift in Sources */ = {isa = PBXBuildFile; fileRef = 15CEAC4330611B02000BA365 /* SpeechHelper.swift */; };
		15CEAC5A30611B03000BA365 /* MyVocabularyView.swift in Sources */ = {isa = PBXBuildFile; fileRef = 15CEAC4730611B02000BA365 /* MyVocabularyView.swift */; };
		15CEAC5B30611B03000BA365 /* ReviewView.swift in Sources */ = {isa = PBXBuildFile; fileRef = 15CEAC4830611B02000BA365 /* ReviewView.swift */; };
		15CEAC5C30611B03000BA365 /* HomeView.swift in Sources */ = {isa = PBXBuildFile; fileRef = 15CEAC4930611B02000BA365 /* HomeView.swift */; };
		15CEAC5D30611B03000BA365 /* DictionaryLookup.swift in Sources */ = {isa = PBXBuildFile; fileRef = 15CEAC4A30611B03000BA365 /* DictionaryLookup.swift */; };
		15CEAC5F30611B03000BA365 /* LocalSentenceTranslator.swift in Sources */ = {isa = PBXBuildFile; fileRef = 15CEAC4C30611B03000BA365 /* LocalSentenceTranslator.swift */; };
		15CEAC6030611B03000BA365 /* WordDetailView.swift in Sources */ = {isa = PBXBuildFile; fileRef = 15CEAC4D30611B03000BA365 /* WordDetailView.swift */; };
		15CEAC6130611B03000BA365 /* AIWordGenerator.swift in Sources */ = {isa = PBXBuildFile; fileRef = 15CEAC4E30611B03000BA365 /* AIWordGenerator.swift */; };
		15CEAC6230611B03000BA365 /* CiCiDictApp.swift in Sources */ = {isa = PBXBuildFile; fileRef = 15CEAC4F30611B03000BA365 /* CiCiDictApp.swift */; };
		15CEAC6330611B03000BA365 /* RootTabView.swift in Sources */ = {isa = PBXBuildFile; fileRef = 15CEAC5030611B03000BA365 /* RootTabView.swift */; };
		15CEAC6D30612209000BA365 /* cedict_ts.u8 in Resources */ = {isa = PBXBuildFile; fileRef = 15CEAC6C30612209000BA365 /* cedict_ts.u8 */; };
		15F45F5E3076108800FC8E95 /* ThemeRefreshTrigger.swift in Sources */ = {isa = PBXBuildFile; fileRef = 15F45F5D3076108800FC8E95 /* ThemeRefreshTrigger.swift */; };
		15F45F60307610B600FC8E95 /* Y2KThemePreset.swift in Sources */ = {isa = PBXBuildFile; fileRef = 15F45F5F307610B600FC8E95 /* Y2KThemePreset.swift */; };
		15F45F62307610BF00FC8E95 /* Y2KThemeStore.swift in Sources */ = {isa = PBXBuildFile; fileRef = 15F45F61307610BF00FC8E95 /* Y2KThemeStore.swift */; };
		15F45F633076158000FC8E95 /* Y2KThemePreset.swift in Sources */ = {isa = PBXBuildFile; fileRef = 15F45F5F307610B600FC8E95 /* Y2KThemePreset.swift */; };
		15F45F643076158200FC8E95 /* Y2KThemeStore.swift in Sources */ = {isa = PBXBuildFile; fileRef = 15F45F61307610BF00FC8E95 /* Y2KThemeStore.swift */; };
		15F45F673076236600FC8E95 /* README.md in Resources */ = {isa = PBXBuildFile; fileRef = 15F45F663076236400FC8E95 /* README.md */; };
		15F45F6930762A0500FC8E95 /* ChineseSuggestion.swift in Sources */ = {isa = PBXBuildFile; fileRef = 15F45F6830762A0500FC8E95 /* ChineseSuggestion.swift */; };
		15F45F6B30762A1600FC8E95 /* ChineseSuggestionService.swift in Sources */ = {isa = PBXBuildFile; fileRef = 15F45F6A30762A1600FC8E95 /* ChineseSuggestionService.swift */; };
		15F45F743076890500FC8E95 /* AddWordView.swift in Sources */ = {isa = PBXBuildFile; fileRef = 15F45F733076890500FC8E95 /* AddWordView.swift */; };
		15F45F7630768A4600FC8E95 /* Assets.xcassets in Resources */ = {isa = PBXBuildFile; fileRef = 15F45F7530768A4600FC8E95 /* Assets.xcassets */; };
		15F45F7830768C5A00FC8E95 /* WordBreakdownItem.swift in Sources */ = {isa = PBXBuildFile; fileRef = 15F45F7730768C5A00FC8E95 /* WordBreakdownItem.swift */; };
/* End PBXBuildFile section */

/* Begin PBXContainerItemProxy section */
		15708F6C3060EB9500864900 /* PBXContainerItemProxy */ = {
			isa = PBXContainerItemProxy;
			containerPortal = 15708F413060EB7200864900 /* Project object */;
			proxyType = 1;
			remoteGlobalIDString = 15708F5D3060EB9200864900;
			remoteInfo = CiCiWidgetExtension;
		};
/* End PBXContainerItemProxy section */

/* Begin PBXCopyFilesBuildPhase section */
		15708F723060EB9500864900 /* Embed Foundation Extensions */ = {
			isa = PBXCopyFilesBuildPhase;
			buildActionMask = 2147483647;
			dstPath = "";
			dstSubfolderSpec = 13;
			files = (
				15708F6E3060EB9500864900 /* CiCiWidgetExtension.appex in Embed Foundation Extensions */,
			);
			name = "Embed Foundation Extensions";
			runOnlyForDeploymentPostprocessing = 0;
		};
/* End PBXCopyFilesBuildPhase section */

/* Begin PBXFileReference section */
		15156020306DFCAF0039C32D /* DailyWordService.swift */ = {isa = PBXFileReference; fileEncoding = 4; lastKnownFileType = sourcecode.swift; path = DailyWordService.swift; sourceTree = "<group>"; };
		15156022306E01690039C32D /* HSKWordList.swift */ = {isa = PBXFileReference; fileEncoding = 4; lastKnownFileType = sourcecode.swift; path = HSKWordList.swift; sourceTree = "<group>"; };
		15156024306E01790039C32D /* Phrasebook.swift */ = {isa = PBXFileReference; fileEncoding = 4; lastKnownFileType = sourcecode.swift; path = Phrasebook.swift; sourceTree = "<group>"; };
		15156026306E01FB0039C32D /* PhrasebookView.swift */ = {isa = PBXFileReference; fileEncoding = 4; lastKnownFileType = sourcecode.swift; path = PhrasebookView.swift; sourceTree = "<group>"; };
		153087823064C5CD00248D1C /* WordCategory.swift */ = {isa = PBXFileReference; lastKnownFileType = sourcecode.swift; path = WordCategory.swift; sourceTree = "<group>"; };
		153087843064C5ED00248D1C /* GlossFormatter.swift */ = {isa = PBXFileReference; lastKnownFileType = sourcecode.swift; path = GlossFormatter.swift; sourceTree = "<group>"; };
		15708F493060EB7200864900 /* CiCiDict.app */ = {isa = PBXFileReference; explicitFileType = wrapper.application; includeInIndex = 0; path = CiCiDict.app; sourceTree = BUILT_PRODUCTS_DIR; };
		15708F533060EB7400864900 /* Preview Assets.xcassets */ = {isa = PBXFileReference; lastKnownFileType = folder.assetcatalog; path = "Preview Assets.xcassets"; sourceTree = "<group>"; };
		15708F5E3060EB9200864900 /* CiCiWidgetExtension.appex */ = {isa = PBXFileReference; explicitFileType = "wrapper.app-extension"; includeInIndex = 0; path = CiCiWidgetExtension.appex; sourceTree = BUILT_PRODUCTS_DIR; };
		15708F603060EB9200864900 /* WidgetKit.framework */ = {isa = PBXFileReference; lastKnownFileType = wrapper.framework; name = WidgetKit.framework; path = System/Library/Frameworks/WidgetKit.framework; sourceTree = SDKROOT; };
		15708F623060EB9200864900 /* SwiftUI.framework */ = {isa = PBXFileReference; lastKnownFileType = wrapper.framework; name = SwiftUI.framework; path = System/Library/Frameworks/SwiftUI.framework; sourceTree = SDKROOT; };
		15708F693060EB9500864900 /* Assets.xcassets */ = {isa = PBXFileReference; lastKnownFileType = folder.assetcatalog; path = Assets.xcassets; sourceTree = "<group>"; };
		15708F6B3060EB9500864900 /* Info.plist */ = {isa = PBXFileReference; lastKnownFileType = text.plist.xml; path = Info.plist; sourceTree = "<group>"; };
		15708F9A3060F20900864900 /* Theme.swift */ = {isa = PBXFileReference; fileEncoding = 4; lastKnownFileType = sourcecode.swift; path = Theme.swift; sourceTree = "<group>"; };
		15708F9D3060F22E00864900 /* SeedDictionary.swift */ = {isa = PBXFileReference; fileEncoding = 4; lastKnownFileType = sourcecode.swift; path = SeedDictionary.swift; sourceTree = "<group>"; };
		15708F9E3060F22E00864900 /* ChineseWord.swift */ = {isa = PBXFileReference; fileEncoding = 4; lastKnownFileType = sourcecode.swift; path = ChineseWord.swift; sourceTree = "<group>"; };
		15708F9F3060F22E00864900 /* WordStore.swift */ = {isa = PBXFileReference; fileEncoding = 4; lastKnownFileType = sourcecode.swift; path = WordStore.swift; sourceTree = "<group>"; };
		15708FA03060F22E00864900 /* PinyinFormatter.swift */ = {isa = PBXFileReference; fileEncoding = 4; lastKnownFileType = sourcecode.swift; path = PinyinFormatter.swift; sourceTree = "<group>"; };
		15708FA93060F25A00864900 /* CiCiWidgetViews.swift */ = {isa = PBXFileReference; fileEncoding = 4; lastKnownFileType = sourcecode.swift; path = CiCiWidgetViews.swift; sourceTree = "<group>"; };
		15708FAA3060F25A00864900 /* CiCiWidgetBundle.swift */ = {isa = PBXFileReference; fileEncoding = 4; lastKnownFileType = sourcecode.swift; path = CiCiWidgetBundle.swift; sourceTree = "<group>"; };
		15708FAB3060F25A00864900 /* CiCiWidget.entitlements */ = {isa = PBXFileReference; fileEncoding = 4; lastKnownFileType = text.plist.entitlements; path = CiCiWidget.entitlements; sourceTree = "<group>"; };
		15708FAC3060F25A00864900 /* CiCiWidgetProvider.swift */ = {isa = PBXFileReference; fileEncoding = 4; lastKnownFileType = sourcecode.swift; path = CiCiWidgetProvider.swift; sourceTree = "<group>"; };
		15CEAC2830610C37000BA365 /* Retroui.swift */ = {isa = PBXFileReference; lastKnownFileType = sourcecode.swift; path = Retroui.swift; sourceTree = "<group>"; };
		15CEAC3C30611B02000BA365 /* KeychainHelper.swift */ = {isa = PBXFileReference; fileEncoding = 4; lastKnownFileType = sourcecode.swift; path = KeychainHelper.swift; sourceTree = "<group>"; };
		15CEAC3D30611B02000BA365 /* CEDICTParser.swift */ = {isa = PBXFileReference; fileEncoding = 4; lastKnownFileType = sourcecode.swift; path = CEDICTParser.swift; sourceTree = "<group>"; };
		15CEAC3E30611B02000BA365 /* Sentencechecker .swift */ = {isa = PBXFileReference; fileEncoding = 4; lastKnownFileType = sourcecode.swift; path = "Sentencechecker .swift"; sourceTree = "<group>"; };
		15CEAC3F30611B02000BA365 /* SentencePracticeView.swift */ = {isa = PBXFileReference; fileEncoding = 4; lastKnownFileType = sourcecode.swift; path = SentencePracticeView.swift; sourceTree = "<group>"; };
		15CEAC4030611B02000BA365 /* SettingsView.swift */ = {isa = PBXFileReference; fileEncoding = 4; lastKnownFileType = sourcecode.swift; path = SettingsView.swift; sourceTree = "<group>"; };
		15CEAC4130611B02000BA365 /* DictionaryView.swift */ = {isa = PBXFileReference; fileEncoding = 4; lastKnownFileType = sourcecode.swift; path = DictionaryView.swift; sourceTree = "<group>"; };
		15CEAC4230611B02000BA365 /* CiCiDictApp.entitlements */ = {isa = PBXFileReference; fileEncoding = 4; lastKnownFileType = text.plist.entitlements; path = CiCiDictApp.entitlements; sourceTree = "<group>"; };
		15CEAC4330611B02000BA365 /* SpeechHelper.swift */ = {isa = PBXFileReference; fileEncoding = 4; lastKnownFileType = sourcecode.swift; path = SpeechHelper.swift; sourceTree = "<group>"; };
		15CEAC4730611B02000BA365 /* MyVocabularyView.swift */ = {isa = PBXFileReference; fileEncoding = 4; lastKnownFileType = sourcecode.swift; path = MyVocabularyView.swift; sourceTree = "<group>"; };
		15CEAC4830611B02000BA365 /* ReviewView.swift */ = {isa = PBXFileReference; fileEncoding = 4; lastKnownFileType = sourcecode.swift; path = ReviewView.swift; sourceTree = "<group>"; };
		15CEAC4930611B02000BA365 /* HomeView.swift */ = {isa = PBXFileReference; fileEncoding = 4; lastKnownFileType = sourcecode.swift; path = HomeView.swift; sourceTree = "<group>"; };
		15CEAC4A30611B03000BA365 /* DictionaryLookup.swift */ = {isa = PBXFileReference; fileEncoding = 4; lastKnownFileType = sourcecode.swift; path = DictionaryLookup.swift; sourceTree = "<group>"; };
		15CEAC4C30611B03000BA365 /* LocalSentenceTranslator.swift */ = {isa = PBXFileReference; fileEncoding = 4; lastKnownFileType = sourcecode.swift; path = LocalSentenceTranslator.swift; sourceTree = "<group>"; };
		15CEAC4D30611B03000BA365 /* WordDetailView.swift */ = {isa = PBXFileReference; fileEncoding = 4; lastKnownFileType = sourcecode.swift; path = WordDetailView.swift; sourceTree = "<group>"; };
		15CEAC4E30611B03000BA365 /* AIWordGenerator.swift */ = {isa = PBXFileReference; fileEncoding = 4; lastKnownFileType = sourcecode.swift; path = AIWordGenerator.swift; sourceTree = "<group>"; };
		15CEAC4F30611B03000BA365 /* CiCiDictApp.swift */ = {isa = PBXFileReference; fileEncoding = 4; lastKnownFileType = sourcecode.swift; path = CiCiDictApp.swift; sourceTree = "<group>"; };
		15CEAC5030611B03000BA365 /* RootTabView.swift */ = {isa = PBXFileReference; fileEncoding = 4; lastKnownFileType = sourcecode.swift; path = RootTabView.swift; sourceTree = "<group>"; };
		15CEAC6C30612209000BA365 /* cedict_ts.u8 */ = {isa = PBXFileReference; fileEncoding = 4; lastKnownFileType = text; name = cedict_ts.u8; path = ../../../Downloads/cedict_ts.u8; sourceTree = SOURCE_ROOT; };
		15F45F5D3076108800FC8E95 /* ThemeRefreshTrigger.swift */ = {isa = PBXFileReference; fileEncoding = 4; lastKnownFileType = sourcecode.swift; path = ThemeRefreshTrigger.swift; sourceTree = "<group>"; };
		15F45F5F307610B600FC8E95 /* Y2KThemePreset.swift */ = {isa = PBXFileReference; fileEncoding = 4; lastKnownFileType = sourcecode.swift; path = Y2KThemePreset.swift; sourceTree = "<group>"; };
		15F45F61307610BF00FC8E95 /* Y2KThemeStore.swift */ = {isa = PBXFileReference; fileEncoding = 4; lastKnownFileType = sourcecode.swift; path = Y2KThemeStore.swift; sourceTree = "<group>"; };
		15F45F663076236400FC8E95 /* README.md */ = {isa = PBXFileReference; fileEncoding = 4; lastKnownFileType = net.daringfireball.markdown; path = README.md; sourceTree = "<group>"; };
		15F45F6830762A0500FC8E95 /* ChineseSuggestion.swift */ = {isa = PBXFileReference; lastKnownFileType = sourcecode.swift; path = ChineseSuggestion.swift; sourceTree = "<group>"; };
		15F45F6A30762A1600FC8E95 /* ChineseSuggestionService.swift */ = {isa = PBXFileReference; lastKnownFileType = sourcecode.swift; path = ChineseSuggestionService.swift; sourceTree = "<group>"; };
		15F45F723076797300FC8E95 /* Info.plist */ = {isa = PBXFileReference; lastKnownFileType = text.plist; path = Info.plist; sourceTree = "<group>"; };
		15F45F733076890500FC8E95 /* AddWordView.swift */ = {isa = PBXFileReference; fileEncoding = 4; lastKnownFileType = sourcecode.swift; path = AddWordView.swift; sourceTree = "<group>"; };
		15F45F7530768A4600FC8E95 /* Assets.xcassets */ = {isa = PBXFileReference; lastKnownFileType = folder.assetcatalog; path = Assets.xcassets; sourceTree = "<group>"; };
		15F45F7730768C5A00FC8E95 /* WordBreakdownItem.swift */ = {isa = PBXFileReference; lastKnownFileType = sourcecode.swift; path = WordBreakdownItem.swift; sourceTree = "<group>"; };
/* End PBXFileReference section */

/* Begin PBXFrameworksBuildPhase section */
		15708F463060EB7200864900 /* Frameworks */ = {
			isa = PBXFrameworksBuildPhase;
			buildActionMask = 2147483647;
			files = (
			);
			runOnlyForDeploymentPostprocessing = 0;
		};
		15708F5B3060EB9200864900 /* Frameworks */ = {
			isa = PBXFrameworksBuildPhase;
			buildActionMask = 2147483647;
			files = (
				15708F633060EB9200864900 /* SwiftUI.framework in Frameworks */,
				15708F613060EB9200864900 /* WidgetKit.framework in Frameworks */,
			);
			runOnlyForDeploymentPostprocessing = 0;
		};
/* End PBXFrameworksBuildPhase section */

/* Begin PBXGroup section */
		15708F403060EB7200864900 = {
			isa = PBXGroup;
			children = (
				15F45F663076236400FC8E95 /* README.md */,
				15708F773060EC4F00864900 /* Shared */,
				15708F4B3060EB7200864900 /* CiCiDict */,
				15708F643060EB9200864900 /* CiCiWidget */,
				15708F5F3060EB9200864900 /* Frameworks */,
				15708F4A3060EB7200864900 /* Products */,
			);
			sourceTree = "<group>";
		};
		15708F4A3060EB7200864900 /* Products */ = {
			isa = PBXGroup;
			children = (
				15708F493060EB7200864900 /* CiCiDict.app */,
				15708F5E3060EB9200864900 /* CiCiWidgetExtension.appex */,
			);
			name = Products;
			sourceTree = "<group>";
		};
		15708F4B3060EB7200864900 /* CiCiDict */ = {
			isa = PBXGroup;
			children = (
				15F45F723076797300FC8E95 /* Info.plist */,
				15CEAC4E30611B03000BA365 /* AIWordGenerator.swift */,
				15F45F733076890500FC8E95 /* AddWordView.swift */,
				15CEAC6C30612209000BA365 /* cedict_ts.u8 */,
				15CEAC3D30611B02000BA365 /* CEDICTParser.swift */,
				15CEAC4230611B02000BA365 /* CiCiDictApp.entitlements */,
				15CEAC4F30611B03000BA365 /* CiCiDictApp.swift */,
				15156020306DFCAF0039C32D /* DailyWordService.swift */,
				15CEAC4A30611B03000BA365 /* DictionaryLookup.swift */,
				15CEAC4130611B02000BA365 /* DictionaryView.swift */,
				153087843064C5ED00248D1C /* GlossFormatter.swift */,
				15CEAC4930611B02000BA365 /* HomeView.swift */,
				15156022306E01690039C32D /* HSKWordList.swift */,
				15CEAC3C30611B02000BA365 /* KeychainHelper.swift */,
				15CEAC4C30611B03000BA365 /* LocalSentenceTranslator.swift */,
				15CEAC4730611B02000BA365 /* MyVocabularyView.swift */,
				15156024306E01790039C32D /* Phrasebook.swift */,
				15156026306E01FB0039C32D /* PhrasebookView.swift */,
				15708F523060EB7400864900 /* Preview Content */,
				15CEAC4830611B02000BA365 /* ReviewView.swift */,
				15CEAC5030611B03000BA365 /* RootTabView.swift */,
				15CEAC3E30611B02000BA365 /* Sentencechecker .swift */,
				15CEAC3F30611B02000BA365 /* SentencePracticeView.swift */,
				15CEAC4030611B02000BA365 /* SettingsView.swift */,
				15CEAC4330611B02000BA365 /* SpeechHelper.swift */,
				15F45F5D3076108800FC8E95 /* ThemeRefreshTrigger.swift */,
				153087823064C5CD00248D1C /* WordCategory.swift */,
				15CEAC4D30611B03000BA365 /* WordDetailView.swift */,
				15F45F6830762A0500FC8E95 /* ChineseSuggestion.swift */,
				15F45F6A30762A1600FC8E95 /* ChineseSuggestionService.swift */,
				15F45F7530768A4600FC8E95 /* Assets.xcassets */,
				15F45F7730768C5A00FC8E95 /* WordBreakdownItem.swift */,
			);
			path = CiCiDict;
			sourceTree = "<group>";
		};
		15708F523060EB7400864900 /* Preview Content */ = {
			isa = PBXGroup;
			children = (
				15708F533060EB7400864900 /* Preview Assets.xcassets */,
			);
			path = "Preview Content";
			sourceTree = "<group>";
		};
		15708F5F3060EB9200864900 /* Frameworks */ = {
			isa = PBXGroup;
			children = (
				15708F603060EB9200864900 /* WidgetKit.framework */,
				15708F623060EB9200864900 /* SwiftUI.framework */,
			);
			name = Frameworks;
			sourceTree = "<group>";
		};
		15708F643060EB9200864900 /* CiCiWidget */ = {
			isa = PBXGroup;
			children = (
				15708FAB3060F25A00864900 /* CiCiWidget.entitlements */,
				15708FAA3060F25A00864900 /* CiCiWidgetBundle.swift */,
				15708FAC3060F25A00864900 /* CiCiWidgetProvider.swift */,
				15708FA93060F25A00864900 /* CiCiWidgetViews.swift */,
				15708F693060EB9500864900 /* Assets.xcassets */,
				15708F6B3060EB9500864900 /* Info.plist */,
			);
			path = CiCiWidget;
			sourceTree = "<group>";
		};
		15708F773060EC4F00864900 /* Shared */ = {
			isa = PBXGroup;
			children = (
				15708F9E3060F22E00864900 /* ChineseWord.swift */,
				15708FA03060F22E00864900 /* PinyinFormatter.swift */,
				15708F9D3060F22E00864900 /* SeedDictionary.swift */,
				15708F9F3060F22E00864900 /* WordStore.swift */,
				15708F9A3060F20900864900 /* Theme.swift */,
				15CEAC2830610C37000BA365 /* Retroui.swift */,
				15F45F5F307610B600FC8E95 /* Y2KThemePreset.swift */,
				15F45F61307610BF00FC8E95 /* Y2KThemeStore.swift */,
			);
			path = Shared;
			sourceTree = "<group>";
		};
/* End PBXGroup section */

/* Begin PBXNativeTarget section */
		15708F483060EB7200864900 /* CiCiDict */ = {
			isa = PBXNativeTarget;
			buildConfigurationList = 15708F573060EB7400864900 /* Build configuration list for PBXNativeTarget "CiCiDict" */;
			buildPhases = (
				15708F453060EB7200864900 /* Sources */,
				15708F463060EB7200864900 /* Frameworks */,
				15708F473060EB7200864900 /* Resources */,
				15708F723060EB9500864900 /* Embed Foundation Extensions */,
			);
			buildRules = (
			);
			dependencies = (
				15708F6D3060EB9500864900 /* PBXTargetDependency */,
			);
			name = CiCiDict;
			productName = CiCiDict;
			productReference = 15708F493060EB7200864900 /* CiCiDict.app */;
			productType = "com.apple.product-type.application";
		};
		15708F5D3060EB9200864900 /* CiCiWidgetExtension */ = {
			isa = PBXNativeTarget;
			buildConfigurationList = 15708F6F3060EB9500864900 /* Build configuration list for PBXNativeTarget "CiCiWidgetExtension" */;
			buildPhases = (
				15708F5A3060EB9200864900 /* Sources */,
				15708F5B3060EB9200864900 /* Frameworks */,
				15708F5C3060EB9200864900 /* Resources */,
			);
			buildRules = (
			);
			dependencies = (
			);
			name = CiCiWidgetExtension;
			productName = CiCiWidgetExtension;
			productReference = 15708F5E3060EB9200864900 /* CiCiWidgetExtension.appex */;
			productType = "com.apple.product-type.app-extension";
		};
/* End PBXNativeTarget section */

/* Begin PBXProject section */
		15708F413060EB7200864900 /* Project object */ = {
			isa = PBXProject;
			attributes = {
				BuildIndependentTargetsInParallel = 1;
				LastSwiftUpdateCheck = 1540;
				LastUpgradeCheck = 1540;
				TargetAttributes = {
					15708F483060EB7200864900 = {
						CreatedOnToolsVersion = 15.4;
					};
					15708F5D3060EB9200864900 = {
						CreatedOnToolsVersion = 15.4;
					};
				};
			};
			buildConfigurationList = 15708F443060EB7200864900 /* Build configuration list for PBXProject "CiCiDict" */;
			compatibilityVersion = "Xcode 14.0";
			developmentRegion = en;
			hasScannedForEncodings = 0;
			knownRegions = (
				en,
				Base,
			);
			mainGroup = 15708F403060EB7200864900;
			productRefGroup = 15708F4A3060EB7200864900 /* Products */;
			projectDirPath = "";
			projectRoot = "";
			targets = (
				15708F483060EB7200864900 /* CiCiDict */,
				15708F5D3060EB9200864900 /* CiCiWidgetExtension */,
			);
		};
/* End PBXProject section */

/* Begin PBXResourcesBuildPhase section */
		15708F473060EB7200864900 /* Resources */ = {
			isa = PBXResourcesBuildPhase;
			buildActionMask = 2147483647;
			files = (
				15CEAC6D30612209000BA365 /* cedict_ts.u8 in Resources */,
				15708F543060EB7400864900 /* Preview Assets.xcassets in Resources */,
				15F45F7630768A4600FC8E95 /* Assets.xcassets in Resources */,
				15F45F673076236600FC8E95 /* README.md in Resources */,
			);
			runOnlyForDeploymentPostprocessing = 0;
		};
		15708F5C3060EB9200864900 /* Resources */ = {
			isa = PBXResourcesBuildPhase;
			buildActionMask = 2147483647;
			files = (
				15708F6A3060EB9500864900 /* Assets.xcassets in Resources */,
			);
			runOnlyForDeploymentPostprocessing = 0;
		};
/* End PBXResourcesBuildPhase section */

/* Begin PBXSourcesBuildPhase section */
		15708F453060EB7200864900 /* Sources */ = {
			isa = PBXSourcesBuildPhase;
			buildActionMask = 2147483647;
			files = (
				15708FA33060F22E00864900 /* ChineseWord.swift in Sources */,
				15CEAC6230611B03000BA365 /* CiCiDictApp.swift in Sources */,
				15708FA53060F22E00864900 /* WordStore.swift in Sources */,
				15CEAC5730611B03000BA365 /* SpeechHelper.swift in Sources */,
				15156023306E01690039C32D /* HSKWordList.swift in Sources */,
				15708FA73060F22E00864900 /* PinyinFormatter.swift in Sources */,
				153087853064C5ED00248D1C /* GlossFormatter.swift in Sources */,
				15CEAC5A30611B03000BA365 /* MyVocabularyView.swift in Sources */,
				15CEAC5C30611B03000BA365 /* HomeView.swift in Sources */,
				15708FA13060F22E00864900 /* SeedDictionary.swift in Sources */,
				15156027306E01FB0039C32D /* PhrasebookView.swift in Sources */,
				15F45F6B30762A1600FC8E95 /* ChineseSuggestionService.swift in Sources */,
				15F45F60307610B600FC8E95 /* Y2KThemePreset.swift in Sources */,
				15CEAC5630611B03000BA365 /* DictionaryView.swift in Sources */,
				15CEAC5330611B03000BA365 /* Sentencechecker .swift in Sources */,
				15156021306DFCAF0039C32D /* DailyWordService.swift in Sources */,
				15156025306E017A0039C32D /* Phrasebook.swift in Sources */,
				15CEAC5B30611B03000BA365 /* ReviewView.swift in Sources */,
				15F45F62307610BF00FC8E95 /* Y2KThemeStore.swift in Sources */,
				15CEAC5130611B03000BA365 /* KeychainHelper.swift in Sources */,
				15F45F743076890500FC8E95 /* AddWordView.swift in Sources */,
				15CEAC6130611B03000BA365 /* AIWordGenerator.swift in Sources */,
				15CEAC6330611B03000BA365 /* RootTabView.swift in Sources */,
				15F45F5E3076108800FC8E95 /* ThemeRefreshTrigger.swift in Sources */,
				15F45F6930762A0500FC8E95 /* ChineseSuggestion.swift in Sources */,
				15CEAC2930610C37000BA365 /* Retroui.swift in Sources */,
				15CEAC5230611B03000BA365 /* CEDICTParser.swift in Sources */,
				15CEAC5430611B03000BA365 /* SentencePracticeView.swift in Sources */,
				15708F9B3060F20900864900 /* Theme.swift in Sources */,
				15CEAC5D30611B03000BA365 /* DictionaryLookup.swift in Sources */,
				15CEAC6030611B03000BA365 /* WordDetailView.swift in Sources */,
				15CEAC5F30611B03000BA365 /* LocalSentenceTranslator.swift in Sources */,
				15CEAC5530611B03000BA365 /* SettingsView.swift in Sources */,
				153087833064C5CD00248D1C /* WordCategory.swift in Sources */,
				15F45F7830768C5A00FC8E95 /* WordBreakdownItem.swift in Sources */,
			);
			runOnlyForDeploymentPostprocessing = 0;
		};
		15708F5A3060EB9200864900 /* Sources */ = {
			isa = PBXSourcesBuildPhase;
			buildActionMask = 2147483647;
			files = (
				15F45F643076158200FC8E95 /* Y2KThemeStore.swift in Sources */,
				15CEAC2A30610C37000BA365 /* Retroui.swift in Sources */,
				15708FA43060F22E00864900 /* ChineseWord.swift in Sources */,
				15708FA63060F22E00864900 /* WordStore.swift in Sources */,
				15708FAF3060F25A00864900 /* CiCiWidgetProvider.swift in Sources */,
				15F45F633076158000FC8E95 /* Y2KThemePreset.swift in Sources */,
				15708FA83060F22E00864900 /* PinyinFormatter.swift in Sources */,
				15708FA23060F22E00864900 /* SeedDictionary.swift in Sources */,
				15708FAD3060F25A00864900 /* CiCiWidgetViews.swift in Sources */,
				15708F9C3060F20900864900 /* Theme.swift in Sources */,
				15708FAE3060F25A00864900 /* CiCiWidgetBundle.swift in Sources */,
				153087863064F81700248D1C /* WordCategory.swift in Sources */,
			);
			runOnlyForDeploymentPostprocessing = 0;
		};
/* End PBXSourcesBuildPhase section */

/* Begin PBXTargetDependency section */
		15708F6D3060EB9500864900 /* PBXTargetDependency */ = {
			isa = PBXTargetDependency;
			target = 15708F5D3060EB9200864900 /* CiCiWidgetExtension */;
			targetProxy = 15708F6C3060EB9500864900 /* PBXContainerItemProxy */;
		};
/* End PBXTargetDependency section */

/* Begin XCBuildConfiguration section */
		15708F553060EB7400864900 /* Debug */ = {
			isa = XCBuildConfiguration;
			buildSettings = {
				ALWAYS_SEARCH_USER_PATHS = NO;
				ASSETCATALOG_COMPILER_GENERATE_SWIFT_ASSET_SYMBOL_EXTENSIONS = YES;
				CLANG_ANALYZER_NONNULL = YES;
				CLANG_ANALYZER_NUMBER_OBJECT_CONVERSION = YES_AGGRESSIVE;
				CLANG_CXX_LANGUAGE_STANDARD = "gnu++20";
				CLANG_ENABLE_MODULES = YES;
				CLANG_ENABLE_OBJC_ARC = YES;
				CLANG_ENABLE_OBJC_WEAK = YES;
				CLANG_WARN_BLOCK_CAPTURE_AUTORELEASING = YES;
				CLANG_WARN_BOOL_CONVERSION = YES;
				CLANG_WARN_COMMA = YES;
				CLANG_WARN_CONSTANT_CONVERSION = YES;
				CLANG_WARN_DEPRECATED_OBJC_IMPLEMENTATIONS = YES;
				CLANG_WARN_DIRECT_OBJC_ISA_USAGE = YES_ERROR;
				CLANG_WARN_DOCUMENTATION_COMMENTS = YES;
				CLANG_WARN_EMPTY_BODY = YES;
				CLANG_WARN_ENUM_CONVERSION = YES;
				CLANG_WARN_INFINITE_RECURSION = YES;
				CLANG_WARN_INT_CONVERSION = YES;
				CLANG_WARN_NON_LITERAL_NULL_CONVERSION = YES;
				CLANG_WARN_OBJC_IMPLICIT_RETAIN_SELF = YES;
				CLANG_WARN_OBJC_LITERAL_CONVERSION = YES;
				CLANG_WARN_OBJC_ROOT_CLASS = YES_ERROR;
				CLANG_WARN_QUOTED_INCLUDE_IN_FRAMEWORK_HEADER = YES;
				CLANG_WARN_RANGE_LOOP_ANALYSIS = YES;
				CLANG_WARN_STRICT_PROTOTYPES = YES;
				CLANG_WARN_SUSPICIOUS_MOVE = YES;
				CLANG_WARN_UNGUARDED_AVAILABILITY = YES_AGGRESSIVE;
				CLANG_WARN_UNREACHABLE_CODE = YES;
				CLANG_WARN__DUPLICATE_METHOD_MATCH = YES;
				COPY_PHASE_STRIP = NO;
				DEBUG_INFORMATION_FORMAT = dwarf;
				ENABLE_STRICT_OBJC_MSGSEND = YES;
				ENABLE_TESTABILITY = YES;
				ENABLE_USER_SCRIPT_SANDBOXING = YES;
				GCC_C_LANGUAGE_STANDARD = gnu17;
				GCC_DYNAMIC_NO_PIC = NO;
				GCC_NO_COMMON_BLOCKS = YES;
				GCC_OPTIMIZATION_LEVEL = 0;
				GCC_PREPROCESSOR_DEFINITIONS = (
					"DEBUG=1",
					"$(inherited)",
				);
				GCC_WARN_64_TO_32_BIT_CONVERSION = YES;
				GCC_WARN_ABOUT_RETURN_TYPE = YES_ERROR;
				GCC_WARN_UNDECLARED_SELECTOR = YES;
				GCC_WARN_UNINITIALIZED_AUTOS = YES_AGGRESSIVE;
				GCC_WARN_UNUSED_FUNCTION = YES;
				GCC_WARN_UNUSED_VARIABLE = YES;
				IPHONEOS_DEPLOYMENT_TARGET = 17.5;
				LOCALIZATION_PREFERS_STRING_CATALOGS = YES;
				MTL_ENABLE_DEBUG_INFO = INCLUDE_SOURCE;
				MTL_FAST_MATH = YES;
				ONLY_ACTIVE_ARCH = YES;
				SDKROOT = iphoneos;
				SWIFT_ACTIVE_COMPILATION_CONDITIONS = "DEBUG $(inherited)";
				SWIFT_OPTIMIZATION_LEVEL = "-Onone";
			};
			name = Debug;
		};
		15708F563060EB7400864900 /* Release */ = {
			isa = XCBuildConfiguration;
			buildSettings = {
				ALWAYS_SEARCH_USER_PATHS = NO;
				ASSETCATALOG_COMPILER_GENERATE_SWIFT_ASSET_SYMBOL_EXTENSIONS = YES;
				CLANG_ANALYZER_NONNULL = YES;
				CLANG_ANALYZER_NUMBER_OBJECT_CONVERSION = YES_AGGRESSIVE;
				CLANG_CXX_LANGUAGE_STANDARD = "gnu++20";
				CLANG_ENABLE_MODULES = YES;
				CLANG_ENABLE_OBJC_ARC = YES;
				CLANG_ENABLE_OBJC_WEAK = YES;
				CLANG_WARN_BLOCK_CAPTURE_AUTORELEASING = YES;
				CLANG_WARN_BOOL_CONVERSION = YES;
				CLANG_WARN_COMMA = YES;
				CLANG_WARN_CONSTANT_CONVERSION = YES;
				CLANG_WARN_DEPRECATED_OBJC_IMPLEMENTATIONS = YES;
				CLANG_WARN_DIRECT_OBJC_ISA_USAGE = YES_ERROR;
				CLANG_WARN_DOCUMENTATION_COMMENTS = YES;
				CLANG_WARN_EMPTY_BODY = YES;
				CLANG_WARN_ENUM_CONVERSION = YES;
				CLANG_WARN_INFINITE_RECURSION = YES;
				CLANG_WARN_INT_CONVERSION = YES;
				CLANG_WARN_NON_LITERAL_NULL_CONVERSION = YES;
				CLANG_WARN_OBJC_IMPLICIT_RETAIN_SELF = YES;
				CLANG_WARN_OBJC_LITERAL_CONVERSION = YES;
				CLANG_WARN_OBJC_ROOT_CLASS = YES_ERROR;
				CLANG_WARN_QUOTED_INCLUDE_IN_FRAMEWORK_HEADER = YES;
				CLANG_WARN_RANGE_LOOP_ANALYSIS = YES;
				CLANG_WARN_STRICT_PROTOTYPES = YES;
				CLANG_WARN_SUSPICIOUS_MOVE = YES;
				CLANG_WARN_UNGUARDED_AVAILABILITY = YES_AGGRESSIVE;
				CLANG_WARN_UNREACHABLE_CODE = YES;
				CLANG_WARN__DUPLICATE_METHOD_MATCH = YES;
				COPY_PHASE_STRIP = NO;
				DEBUG_INFORMATION_FORMAT = "dwarf-with-dsym";
				ENABLE_NS_ASSERTIONS = NO;
				ENABLE_STRICT_OBJC_MSGSEND = YES;
				ENABLE_USER_SCRIPT_SANDBOXING = YES;
				GCC_C_LANGUAGE_STANDARD = gnu17;
				GCC_NO_COMMON_BLOCKS = YES;
				GCC_WARN_64_TO_32_BIT_CONVERSION = YES;
				GCC_WARN_ABOUT_RETURN_TYPE = YES_ERROR;
				GCC_WARN_UNDECLARED_SELECTOR = YES;
				GCC_WARN_UNINITIALIZED_AUTOS = YES_AGGRESSIVE;
				GCC_WARN_UNUSED_FUNCTION = YES;
				GCC_WARN_UNUSED_VARIABLE = YES;
				IPHONEOS_DEPLOYMENT_TARGET = 17.5;
				LOCALIZATION_PREFERS_STRING_CATALOGS = YES;
				MTL_ENABLE_DEBUG_INFO = NO;
				MTL_FAST_MATH = YES;
				SDKROOT = iphoneos;
				SWIFT_COMPILATION_MODE = wholemodule;
				VALIDATE_PRODUCT = YES;
			};
			name = Release;
		};
		15708F583060EB7400864900 /* Debug */ = {
			isa = XCBuildConfiguration;
			buildSettings = {
				ALWAYS_EMBED_SWIFT_STANDARD_LIBRARIES = YES;
				ASSETCATALOG_COMPILER_APPICON_NAME = AppIcon;
				ASSETCATALOG_COMPILER_GLOBAL_ACCENT_COLOR_NAME = AccentColor;
				CODE_SIGN_IDENTITY = "Apple Development";
				CODE_SIGN_STYLE = Automatic;
				CURRENT_PROJECT_VERSION = 1;
				DEVELOPMENT_ASSET_PATHS = "\"CiCiDict/Preview Content\"";
				DEVELOPMENT_TEAM = XHJC3V7SGM;
				ENABLE_PREVIEWS = YES;
				GENERATE_INFOPLIST_FILE = YES;
				INFOPLIST_FILE = CiCiDict/Info.plist;
				INFOPLIST_KEY_CFBundleDisplayName = AteUP;
				INFOPLIST_KEY_LSApplicationCategoryType = "";
				INFOPLIST_KEY_UIApplicationSceneManifest_Generation = YES;
				INFOPLIST_KEY_UIApplicationSupportsIndirectInputEvents = YES;
				INFOPLIST_KEY_UILaunchScreen_Generation = YES;
				INFOPLIST_KEY_UISupportedInterfaceOrientations_iPad = "UIInterfaceOrientationPortrait UIInterfaceOrientationPortraitUpsideDown UIInterfaceOrientationLandscapeLeft UIInterfaceOrientationLandscapeRight";
				INFOPLIST_KEY_UISupportedInterfaceOrientations_iPhone = "UIInterfaceOrientationPortrait UIInterfaceOrientationLandscapeLeft UIInterfaceOrientationLandscapeRight";
				LD_RUNPATH_SEARCH_PATHS = (
					"$(inherited)",
					"@executable_path/Frameworks",
				);
				MARKETING_VERSION = 1.0;
				PRODUCT_BUNDLE_IDENTIFIER = ok.CiCiDict;
				PRODUCT_NAME = "$(TARGET_NAME)";
				PROVISIONING_PROFILE_SPECIFIER = "";
				SWIFT_EMIT_LOC_STRINGS = YES;
				SWIFT_VERSION = 5.0;
				TARGETED_DEVICE_FAMILY = "1,2";
			};
			name = Debug;
		};
		15708F593060EB7400864900 /* Release */ = {
			isa = XCBuildConfiguration;
			buildSettings = {
				ALWAYS_EMBED_SWIFT_STANDARD_LIBRARIES = YES;
				ASSETCATALOG_COMPILER_APPICON_NAME = AppIcon;
				ASSETCATALOG_COMPILER_GLOBAL_ACCENT_COLOR_NAME = AccentColor;
				CODE_SIGN_IDENTITY = "Apple Development";
				CODE_SIGN_STYLE = Automatic;
				CURRENT_PROJECT_VERSION = 1;
				DEVELOPMENT_ASSET_PATHS = "\"CiCiDict/Preview Content\"";
				DEVELOPMENT_TEAM = XHJC3V7SGM;
				ENABLE_PREVIEWS = YES;
				GENERATE_INFOPLIST_FILE = YES;
				INFOPLIST_FILE = CiCiDict/Info.plist;
				INFOPLIST_KEY_CFBundleDisplayName = AteUP;
				INFOPLIST_KEY_LSApplicationCategoryType = "";
				INFOPLIST_KEY_UIApplicationSceneManifest_Generation = YES;
				INFOPLIST_KEY_UIApplicationSupportsIndirectInputEvents = YES;
				INFOPLIST_KEY_UILaunchScreen_Generation = YES;
				INFOPLIST_KEY_UISupportedInterfaceOrientations_iPad = "UIInterfaceOrientationPortrait UIInterfaceOrientationPortraitUpsideDown UIInterfaceOrientationLandscapeLeft UIInterfaceOrientationLandscapeRight";
				INFOPLIST_KEY_UISupportedInterfaceOrientations_iPhone = "UIInterfaceOrientationPortrait UIInterfaceOrientationLandscapeLeft UIInterfaceOrientationLandscapeRight";
				LD_RUNPATH_SEARCH_PATHS = (
					"$(inherited)",
					"@executable_path/Frameworks",
				);
				MARKETING_VERSION = 1.0;
				PRODUCT_BUNDLE_IDENTIFIER = ok.CiCiDict;
				PRODUCT_NAME = "$(TARGET_NAME)";
				PROVISIONING_PROFILE_SPECIFIER = "";
				SWIFT_EMIT_LOC_STRINGS = YES;
				SWIFT_VERSION = 5.0;
				TARGETED_DEVICE_FAMILY = "1,2";
			};
			name = Release;
		};
		15708F703060EB9500864900 /* Debug */ = {
			isa = XCBuildConfiguration;
			buildSettings = {
				ASSETCATALOG_COMPILER_GLOBAL_ACCENT_COLOR_NAME = AccentColor;
				ASSETCATALOG_COMPILER_WIDGET_BACKGROUND_COLOR_NAME = WidgetBackground;
				CODE_SIGN_STYLE = Automatic;
				CURRENT_PROJECT_VERSION = 1;
				DEVELOPMENT_TEAM = XHJC3V7SGM;
				GENERATE_INFOPLIST_FILE = YES;
				INFOPLIST_FILE = CiCiWidget/Info.plist;
				INFOPLIST_KEY_CFBundleDisplayName = CiCiWidget;
				INFOPLIST_KEY_NSHumanReadableCopyright = "";
				LD_RUNPATH_SEARCH_PATHS = (
					"$(inherited)",
					"@executable_path/Frameworks",
					"@executable_path/../../Frameworks",
				);
				MARKETING_VERSION = 1.0;
				PRODUCT_BUNDLE_IDENTIFIER = ok.CiCiDict.CiCiWidget;
				PRODUCT_NAME = "$(TARGET_NAME)";
				SKIP_INSTALL = YES;
				SWIFT_EMIT_LOC_STRINGS = YES;
				SWIFT_VERSION = 5.0;
				TARGETED_DEVICE_FAMILY = "1,2";
			};
			name = Debug;
		};
		15708F713060EB9500864900 /* Release */ = {
			isa = XCBuildConfiguration;
			buildSettings = {
				ASSETCATALOG_COMPILER_GLOBAL_ACCENT_COLOR_NAME = AccentColor;
				ASSETCATALOG_COMPILER_WIDGET_BACKGROUND_COLOR_NAME = WidgetBackground;
				CODE_SIGN_STYLE = Automatic;
				CURRENT_PROJECT_VERSION = 1;
				DEVELOPMENT_TEAM = XHJC3V7SGM;
				GENERATE_INFOPLIST_FILE = YES;
				INFOPLIST_FILE = CiCiWidget/Info.plist;
				INFOPLIST_KEY_CFBundleDisplayName = CiCiWidget;
				INFOPLIST_KEY_NSHumanReadableCopyright = "";
				LD_RUNPATH_SEARCH_PATHS = (
					"$(inherited)",
					"@executable_path/Frameworks",
					"@executable_path/../../Frameworks",
				);
				MARKETING_VERSION = 1.0;
				PRODUCT_BUNDLE_IDENTIFIER = ok.CiCiDict.CiCiWidget;
				PRODUCT_NAME = "$(TARGET_NAME)";
				SKIP_INSTALL = YES;
				SWIFT_EMIT_LOC_STRINGS = YES;
				SWIFT_VERSION = 5.0;
				TARGETED_DEVICE_FAMILY = "1,2";
			};
			name = Release;
		};
/* End XCBuildConfiguration section */

/* Begin XCConfigurationList section */
		15708F443060EB7200864900 /* Build configuration list for PBXProject "CiCiDict" */ = {
			isa = XCConfigurationList;
			buildConfigurations = (
				15708F553060EB7400864900 /* Debug */,
				15708F563060EB7400864900 /* Release */,
			);
			defaultConfigurationIsVisible = 0;
			defaultConfigurationName = Release;
		};
		15708F573060EB7400864900 /* Build configuration list for PBXNativeTarget "CiCiDict" */ = {
			isa = XCConfigurationList;
			buildConfigurations = (
				15708F583060EB7400864900 /* Debug */,
				15708F593060EB7400864900 /* Release */,
			);
			defaultConfigurationIsVisible = 0;
			defaultConfigurationName = Release;
		};
		15708F6F3060EB9500864900 /* Build configuration list for PBXNativeTarget "CiCiWidgetExtension" */ = {
			isa = XCConfigurationList;
			buildConfigurations = (
				15708F703060EB9500864900 /* Debug */,
				15708F713060EB9500864900 /* Release */,
			);
			defaultConfigurationIsVisible = 0;
			defaultConfigurationName = Release;
		};
/* End XCConfigurationList section */
	};
	rootObject = 15708F413060EB7200864900 /* Project object */;
}
